// !$*UTF8*$!
{
	archiveVersion = 1;
	classes = {
	};
	objectVersion = 50;
	objects = {

/* Begin PBXAggregateTarget section */
		B51455262407B8A0007BB0EA /* OCLint */ = {
			isa = PBXAggregateTarget;
			buildConfigurationList = B51455272407B8A0007BB0EA /* Build configuration list for PBXAggregateTarget "OCLint" */;
			buildPhases = (
				B514552A2407B8B6007BB0EA /* ShellScript */,
			);
			dependencies = (
			);
			name = OCLint;
			productName = OCLint;
		};
		B55BC4EA2371B2C70016975C /* floo-ios_doc */ = {
			isa = PBXAggregateTarget;
			buildConfigurationList = B55BC4ED2371B2C70016975C /* Build configuration list for PBXAggregateTarget "floo-ios_doc" */;
			buildPhases = (
				B55BC4EE2371B2CD0016975C /* ShellScript */,
			);
			dependencies = (
			);
			name = "floo-ios_doc";
			productName = "floo-ios_doc";
		};
		B58485BE2212EB700001329E /* a */ = {
			isa = PBXAggregateTarget;
			buildConfigurationList = B58485C12212EB700001329E /* Build configuration list for PBXAggregateTarget "a" */;
			buildPhases = (
				B58485C22212EB820001329E /* ShellScript */,
			);
			dependencies = (
			);
			name = a;
			productName = a;
		};
/* End PBXAggregateTarget section */

/* Begin PBXBuildFile section */
		48AFC4E321B3A2A500F4CDEB /* floo-ios.framework in Frameworks */ = {isa = PBXBuildFile; fileRef = 48AFC4D921B3A2A500F4CDEB /* floo-ios.framework */; };
		AF670F562993FB0700DE68A8 /* floo_proxy.h in Headers */ = {isa = PBXBuildFile; fileRef = AF670F4B2993FB0700DE68A8 /* floo_proxy.h */; settings = {ATTRIBUTES = (Public, ); }; };
		AF670F582993FB0700DE68A8 /* floo_proxy.mm in Sources */ = {isa = PBXBuildFile; fileRef = AF670F532993FB0700DE68A8 /* floo_proxy.mm */; };
		AF670F592993FB0700DE68A8 /* floo_wrap.mm in Sources */ = {isa = PBXBuildFile; fileRef = AF670F542993FB0700DE68A8 /* floo_wrap.mm */; };
		B51455062407B31B007BB0EA /* BMXDelegatesContainer.m in Sources */ = {isa = PBXBuildFile; fileRef = B51454F52407B31B007BB0EA /* BMXDelegatesContainer.m */; };
		B5A766AC25692E2200D3776B /* libfloo.a in Frameworks */ = {isa = PBXBuildFile; fileRef = B5A7668B25692E2200D3776B /* libfloo.a */; };
		B5A766AD25692E2200D3776B /* libfloo.a in Frameworks */ = {isa = PBXBuildFile; fileRef = B5A7668B25692E2200D3776B /* libfloo.a */; };
		B5EF3A2D21FAE0F500B28908 /* AppDelegate.m in Sources */ = {isa = PBXBuildFile; fileRef = B5EF3A2C21FAE0F500B28908 /* AppDelegate.m */; };
		B5EF3A3021FAE0F500B28908 /* ViewController.m in Sources */ = {isa = PBXBuildFile; fileRef = B5EF3A2F21FAE0F500B28908 /* ViewController.m */; };
		B5EF3A3321FAE0F500B28908 /* Main.storyboard in Resources */ = {isa = PBXBuildFile; fileRef = B5EF3A3121FAE0F500B28908 /* Main.storyboard */; };
		B5EF3A3521FAE0F600B28908 /* Assets.xcassets in Resources */ = {isa = PBXBuildFile; fileRef = B5EF3A3421FAE0F600B28908 /* Assets.xcassets */; };
		B5EF3A3821FAE0F600B28908 /* LaunchScreen.storyboard in Resources */ = {isa = PBXBuildFile; fileRef = B5EF3A3621FAE0F600B28908 /* LaunchScreen.storyboard */; };
		B5EF3A3B21FAE0F600B28908 /* main.m in Sources */ = {isa = PBXBuildFile; fileRef = B5EF3A3A21FAE0F600B28908 /* main.m */; };
		B5EF3A4521FAE0F600B28908 /* floo_iosTests.m in Sources */ = {isa = PBXBuildFile; fileRef = B5EF3A4421FAE0F600B28908 /* floo_iosTests.m */; };
		B5EF3A5021FAE0F600B28908 /* floo_iosUITests.m in Sources */ = {isa = PBXBuildFile; fileRef = B5EF3A4F21FAE0F600B28908 /* floo_iosUITests.m */; };
/* End PBXBuildFile section */

/* Begin PBXContainerItemProxy section */
		48AFC4E421B3A2A500F4CDEB /* PBXContainerItemProxy */ = {
			isa = PBXContainerItemProxy;
			containerPortal = 48AFC4D021B3A2A500F4CDEB /* Project object */;
			proxyType = 1;
			remoteGlobalIDString = 48AFC4D821B3A2A500F4CDEB;
			remoteInfo = floo;
		};
		B5EF3A4121FAE0F600B28908 /* PBXContainerItemProxy */ = {
			isa = PBXContainerItemProxy;
			containerPortal = 48AFC4D021B3A2A500F4CDEB /* Project object */;
			proxyType = 1;
			remoteGlobalIDString = B5EF3A2821FAE0F400B28908;
			remoteInfo = "floo-ios";
		};
		B5EF3A4C21FAE0F600B28908 /* PBXContainerItemProxy */ = {
			isa = PBXContainerItemProxy;
			containerPortal = 48AFC4D021B3A2A500F4CDEB /* Project object */;
			proxyType = 1;
			remoteGlobalIDString = B5EF3A2821FAE0F400B28908;
			remoteInfo = "floo-ios";
		};
/* End PBXContainerItemProxy section */

/* Begin PBXFileReference section */
		4814956F21BEA9750094C367 /* MaxIM.xcworkspace */ = {isa = PBXFileReference; lastKnownFileType = wrapper.workspace; name = MaxIM.xcworkspace; path = ../P_MaxIM/maxim_ios/MaxIM/MaxIM.xcworkspace; sourceTree = "<group>"; };
		48AFC4D921B3A2A500F4CDEB /* floo-ios.framework */ = {isa = PBXFileReference; explicitFileType = wrapper.framework; includeInIndex = 0; path = "floo-ios.framework"; sourceTree = BUILT_PRODUCTS_DIR; };
		48AFC4E221B3A2A500F4CDEB /* flooTests.xctest */ = {isa = PBXFileReference; explicitFileType = wrapper.cfbundle; includeInIndex = 0; path = flooTests.xctest; sourceTree = BUILT_PRODUCTS_DIR; };
		48AFC59221B3A95200F4CDEB /* floo.h */ = {isa = PBXFileReference; fileEncoding = 4; lastKnownFileType = sourcecode.c.h; path = floo.h; sourceTree = "<group>"; };
		48AFC59321B3A95200F4CDEB /* Info.plist */ = {isa = PBXFileReference; fileEncoding = 4; lastKnownFileType = text.plist.xml; path = Info.plist; sourceTree = "<group>"; };
		AF4B561E2996C78F00248DE9 /* bmx_rtc_defines.h */ = {isa = PBXFileReference; lastKnownFileType = sourcecode.c.h; path = bmx_rtc_defines.h; sourceTree = "<group>"; };
		AF4B56252996C78F00248DE9 /* bmx_rtc_signal_service.h */ = {isa = PBXFileReference; lastKnownFileType = sourcecode.c.h; path = bmx_rtc_signal_service.h; sourceTree = "<group>"; };
		AF4B56262996C78F00248DE9 /* bmx_rtc_engine.h */ = {isa = PBXFileReference; lastKnownFileType = sourcecode.c.h; path = bmx_rtc_engine.h; sourceTree = "<group>"; };
		AF4B56272996C78F00248DE9 /* bmx_rtc_room.h */ = {isa = PBXFileReference; lastKnownFileType = sourcecode.c.h; path = bmx_rtc_room.h; sourceTree = "<group>"; };
		AF4B56282996C78F00248DE9 /* bmx_rtc_config.h */ = {isa = PBXFileReference; lastKnownFileType = sourcecode.c.h; path = bmx_rtc_config.h; sourceTree = "<group>"; };
		AF4B56292996C78F00248DE9 /* bmx_rtc_service_listener.h */ = {isa = PBXFileReference; lastKnownFileType = sourcecode.c.h; path = bmx_rtc_service_listener.h; sourceTree = "<group>"; };
		AF4B562A2996C78F00248DE9 /* bmx_rtc_engine_listener.h */ = {isa = PBXFileReference; lastKnownFileType = sourcecode.c.h; path = bmx_rtc_engine_listener.h; sourceTree = "<group>"; };
		AF4B562B2996C79000248DE9 /* bmx_rtc_session.h */ = {isa = PBXFileReference; lastKnownFileType = sourcecode.c.h; path = bmx_rtc_session.h; sourceTree = "<group>"; };
		AF4B562C2996C79000248DE9 /* bmx_rtc_service.h */ = {isa = PBXFileReference; lastKnownFileType = sourcecode.c.h; path = bmx_rtc_service.h; sourceTree = "<group>"; };
		AF4B562D2996C79000248DE9 /* bmx_rtc_signal_service_listener.h */ = {isa = PBXFileReference; lastKnownFileType = sourcecode.c.h; path = bmx_rtc_signal_service_listener.h; sourceTree = "<group>"; };
		AF670F4B2993FB0700DE68A8 /* floo_proxy.h */ = {isa = PBXFileReference; fileEncoding = 4; lastKnownFileType = sourcecode.c.h; path = floo_proxy.h; sourceTree = "<group>"; };
		AF670F522993FB0700DE68A8 /* floo_wrap.h */ = {isa = PBXFileReference; fileEncoding = 4; lastKnownFileType = sourcecode.c.h; path = floo_wrap.h; sourceTree = "<group>"; };
		AF670F532993FB0700DE68A8 /* floo_proxy.mm */ = {isa = PBXFileReference; fileEncoding = 4; lastKnownFileType = sourcecode.cpp.objcpp; path = floo_proxy.mm; sourceTree = "<group>"; };
		AF670F542993FB0700DE68A8 /* floo_wrap.mm */ = {isa = PBXFileReference; fileEncoding = 4; lastKnownFileType = sourcecode.cpp.objcpp; path = floo_wrap.mm; sourceTree = "<group>"; };
		AF670F552993FB0700DE68A8 /* structs4swig.h */ = {isa = PBXFileReference; fileEncoding = 4; lastKnownFileType = sourcecode.c.h; path = structs4swig.h; sourceTree = "<group>"; };
		B51454F52407B31B007BB0EA /* BMXDelegatesContainer.m */ = {isa = PBXFileReference; fileEncoding = 4; lastKnownFileType = sourcecode.c.objc; path = BMXDelegatesContainer.m; sourceTree = "<group>"; };
		B51454FF2407B31B007BB0EA /* BMXDelegatesContainer.h */ = {isa = PBXFileReference; fileEncoding = 4; lastKnownFileType = sourcecode.c.h; path = BMXDelegatesContainer.h; sourceTree = "<group>"; };
		B5A7666B25692E2100D3776B /* bmx_roster_service_listener.h */ = {isa = PBXFileReference; fileEncoding = 4; lastKnownFileType = sourcecode.c.h; path = bmx_roster_service_listener.h; sourceTree = "<group>"; };
		B5A7666C25692E2100D3776B /* bmx_image_attachment.h */ = {isa = PBXFileReference; fileEncoding = 4; lastKnownFileType = sourcecode.c.h; path = bmx_image_attachment.h; sourceTree = "<group>"; };
		B5A7666D25692E2100D3776B /* bmx_user_service_listener.h */ = {isa = PBXFileReference; fileEncoding = 4; lastKnownFileType = sourcecode.c.h; path = bmx_user_service_listener.h; sourceTree = "<group>"; };
		B5A7666E25692E2100D3776B /* bmx_error.h */ = {isa = PBXFileReference; fileEncoding = 4; lastKnownFileType = sourcecode.c.h; path = bmx_error.h; sourceTree = "<group>"; };
		B5A7666F25692E2100D3776B /* bmx_push_service_listener.h */ = {isa = PBXFileReference; fileEncoding = 4; lastKnownFileType = sourcecode.c.h; path = bmx_push_service_listener.h; sourceTree = "<group>"; };
		B5A7667025692E2100D3776B /* bmx_message_config.h */ = {isa = PBXFileReference; fileEncoding = 4; lastKnownFileType = sourcecode.c.h; path = bmx_message_config.h; sourceTree = "<group>"; };
		B5A7667125692E2100D3776B /* bmx_chat_service.h */ = {isa = PBXFileReference; fileEncoding = 4; lastKnownFileType = sourcecode.c.h; path = bmx_chat_service.h; sourceTree = "<group>"; };
		B5A7667225692E2100D3776B /* bmx_result_page.h */ = {isa = PBXFileReference; fileEncoding = 4; lastKnownFileType = sourcecode.c.h; path = bmx_result_page.h; sourceTree = "<group>"; };
		B5A7667325692E2100D3776B /* bmx_roster_item.h */ = {isa = PBXFileReference; fileEncoding = 4; lastKnownFileType = sourcecode.c.h; path = bmx_roster_item.h; sourceTree = "<group>"; };
		B5A7667425692E2100D3776B /* bmx_roster_service.h */ = {isa = PBXFileReference; fileEncoding = 4; lastKnownFileType = sourcecode.c.h; path = bmx_roster_service.h; sourceTree = "<group>"; };
		B5A7667525692E2100D3776B /* bmx_location_attachment.h */ = {isa = PBXFileReference; fileEncoding = 4; lastKnownFileType = sourcecode.c.h; path = bmx_location_attachment.h; sourceTree = "<group>"; };
		B5A7667625692E2100D3776B /* bmx_video_attachment.h */ = {isa = PBXFileReference; fileEncoding = 4; lastKnownFileType = sourcecode.c.h; path = bmx_video_attachment.h; sourceTree = "<group>"; };
		B5A7667725692E2100D3776B /* bmx_message_attachment.h */ = {isa = PBXFileReference; fileEncoding = 4; lastKnownFileType = sourcecode.c.h; path = bmx_message_attachment.h; sourceTree = "<group>"; };
		B5A7667825692E2100D3776B /* bmx_push_user_profile.h */ = {isa = PBXFileReference; fileEncoding = 4; lastKnownFileType = sourcecode.c.h; path = bmx_push_user_profile.h; sourceTree = "<group>"; };
		B5A7667925692E2100D3776B /* bmx_forward_attachment.h */ = {isa = PBXFileReference; fileEncoding = 4; lastKnownFileType = sourcecode.c.h; path = bmx_forward_attachment.h; sourceTree = "<group>"; };
		B5A7667A25692E2100D3776B /* bmx_base_object.h */ = {isa = PBXFileReference; fileEncoding = 4; lastKnownFileType = sourcecode.c.h; path = bmx_base_object.h; sourceTree = "<group>"; };
		B5A7667B25692E2100D3776B /* bmx_sdk_config.h */ = {isa = PBXFileReference; fileEncoding = 4; lastKnownFileType = sourcecode.c.h; path = bmx_sdk_config.h; sourceTree = "<group>"; };
		B5A7667C25692E2100D3776B /* bmx_client.h */ = {isa = PBXFileReference; fileEncoding = 4; lastKnownFileType = sourcecode.c.h; path = bmx_client.h; sourceTree = "<group>"; };
		B5A7667D25692E2100D3776B /* bmx_group_service_listener.h */ = {isa = PBXFileReference; fileEncoding = 4; lastKnownFileType = sourcecode.c.h; path = bmx_group_service_listener.h; sourceTree = "<group>"; };
		B5A7667E25692E2100D3776B /* bmx_file_attachment.h */ = {isa = PBXFileReference; fileEncoding = 4; lastKnownFileType = sourcecode.c.h; path = bmx_file_attachment.h; sourceTree = "<group>"; };
		B5A7667F25692E2100D3776B /* bmx_user_service.h */ = {isa = PBXFileReference; fileEncoding = 4; lastKnownFileType = sourcecode.c.h; path = bmx_user_service.h; sourceTree = "<group>"; };
		B5A7668025692E2100D3776B /* bmx_chat_service_listener.h */ = {isa = PBXFileReference; fileEncoding = 4; lastKnownFileType = sourcecode.c.h; path = bmx_chat_service_listener.h; sourceTree = "<group>"; };
		B5A7668125692E2100D3776B /* bmx_device.h */ = {isa = PBXFileReference; fileEncoding = 4; lastKnownFileType = sourcecode.c.h; path = bmx_device.h; sourceTree = "<group>"; };
		B5A7668225692E2100D3776B /* bmx_push_service.h */ = {isa = PBXFileReference; fileEncoding = 4; lastKnownFileType = sourcecode.c.h; path = bmx_push_service.h; sourceTree = "<group>"; };
		B5A7668325692E2100D3776B /* bmx_group.h */ = {isa = PBXFileReference; fileEncoding = 4; lastKnownFileType = sourcecode.c.h; path = bmx_group.h; sourceTree = "<group>"; };
		B5A7668425692E2100D3776B /* bmx_user_profile.h */ = {isa = PBXFileReference; fileEncoding = 4; lastKnownFileType = sourcecode.c.h; path = bmx_user_profile.h; sourceTree = "<group>"; };
		B5A7668525692E2100D3776B /* bmx_defines.h */ = {isa = PBXFileReference; fileEncoding = 4; lastKnownFileType = sourcecode.c.h; path = bmx_defines.h; sourceTree = "<group>"; };
		B5A7668625692E2100D3776B /* bmx_voice_attachment.h */ = {isa = PBXFileReference; fileEncoding = 4; lastKnownFileType = sourcecode.c.h; path = bmx_voice_attachment.h; sourceTree = "<group>"; };
		B5A7668725692E2100D3776B /* bmx_message.h */ = {isa = PBXFileReference; fileEncoding = 4; lastKnownFileType = sourcecode.c.h; path = bmx_message.h; sourceTree = "<group>"; };
		B5A7668825692E2100D3776B /* bmx_group_service.h */ = {isa = PBXFileReference; fileEncoding = 4; lastKnownFileType = sourcecode.c.h; path = bmx_group_service.h; sourceTree = "<group>"; };
		B5A7668925692E2100D3776B /* bmx_network_listener.h */ = {isa = PBXFileReference; fileEncoding = 4; lastKnownFileType = sourcecode.c.h; path = bmx_network_listener.h; sourceTree = "<group>"; };
		B5A7668A25692E2100D3776B /* bmx_conversation.h */ = {isa = PBXFileReference; fileEncoding = 4; lastKnownFileType = sourcecode.c.h; path = bmx_conversation.h; sourceTree = "<group>"; };
		B5A7668B25692E2200D3776B /* libfloo.a */ = {isa = PBXFileReference; lastKnownFileType = archive.ar; path = libfloo.a; sourceTree = "<group>"; };
		B5EF3A2921FAE0F400B28908 /* floo-ios.app */ = {isa = PBXFileReference; explicitFileType = wrapper.application; includeInIndex = 0; path = "floo-ios.app"; sourceTree = BUILT_PRODUCTS_DIR; };
		B5EF3A2B21FAE0F400B28908 /* AppDelegate.h */ = {isa = PBXFileReference; lastKnownFileType = sourcecode.c.h; path = AppDelegate.h; sourceTree = "<group>"; };
		B5EF3A2C21FAE0F500B28908 /* AppDelegate.m */ = {isa = PBXFileReference; lastKnownFileType = sourcecode.c.objc; path = AppDelegate.m; sourceTree = "<group>"; };
		B5EF3A2E21FAE0F500B28908 /* ViewController.h */ = {isa = PBXFileReference; lastKnownFileType = sourcecode.c.h; path = ViewController.h; sourceTree = "<group>"; };
		B5EF3A2F21FAE0F500B28908 /* ViewController.m */ = {isa = PBXFileReference; lastKnownFileType = sourcecode.c.objc; path = ViewController.m; sourceTree = "<group>"; };
		B5EF3A3221FAE0F500B28908 /* Base */ = {isa = PBXFileReference; lastKnownFileType = file.storyboard; name = Base; path = Base.lproj/Main.storyboard; sourceTree = "<group>"; };
		B5EF3A3421FAE0F600B28908 /* Assets.xcassets */ = {isa = PBXFileReference; lastKnownFileType = folder.assetcatalog; path = Assets.xcassets; sourceTree = "<group>"; };
		B5EF3A3721FAE0F600B28908 /* Base */ = {isa = PBXFileReference; lastKnownFileType = file.storyboard; name = Base; path = Base.lproj/LaunchScreen.storyboard; sourceTree = "<group>"; };
		B5EF3A3921FAE0F600B28908 /* Info.plist */ = {isa = PBXFileReference; lastKnownFileType = text.plist.xml; path = Info.plist; sourceTree = "<group>"; };
		B5EF3A3A21FAE0F600B28908 /* main.m */ = {isa = PBXFileReference; lastKnownFileType = sourcecode.c.objc; path = main.m; sourceTree = "<group>"; };
		B5EF3A4021FAE0F600B28908 /* floo-iosTests.xctest */ = {isa = PBXFileReference; explicitFileType = wrapper.cfbundle; includeInIndex = 0; path = "floo-iosTests.xctest"; sourceTree = BUILT_PRODUCTS_DIR; };
		B5EF3A4421FAE0F600B28908 /* floo_iosTests.m */ = {isa = PBXFileReference; lastKnownFileType = sourcecode.c.objc; path = floo_iosTests.m; sourceTree = "<group>"; };
		B5EF3A4621FAE0F600B28908 /* Info.plist */ = {isa = PBXFileReference; lastKnownFileType = text.plist.xml; path = Info.plist; sourceTree = "<group>"; };
		B5EF3A4B21FAE0F600B28908 /* floo-iosUITests.xctest */ = {isa = PBXFileReference; explicitFileType = wrapper.cfbundle; includeInIndex = 0; path = "floo-iosUITests.xctest"; sourceTree = BUILT_PRODUCTS_DIR; };
		B5EF3A4F21FAE0F600B28908 /* floo_iosUITests.m */ = {isa = PBXFileReference; lastKnownFileType = sourcecode.c.objc; path = floo_iosUITests.m; sourceTree = "<group>"; };
		B5EF3A5121FAE0F600B28908 /* Info.plist */ = {isa = PBXFileReference; lastKnownFileType = text.plist.xml; path = Info.plist; sourceTree = "<group>"; };
/* End PBXFileReference section */

/* Begin PBXFrameworksBuildPhase section */
		48AFC4D621B3A2A500F4CDEB /* Frameworks */ = {
			isa = PBXFrameworksBuildPhase;
			buildActionMask = 2147483647;
			files = (
				B5A766AC25692E2200D3776B /* libfloo.a in Frameworks */,
			);
			runOnlyForDeploymentPostprocessing = 0;
		};
		48AFC4DF21B3A2A500F4CDEB /* Frameworks */ = {
			isa = PBXFrameworksBuildPhase;
			buildActionMask = 2147483647;
			files = (
				48AFC4E321B3A2A500F4CDEB /* floo-ios.framework in Frameworks */,
			);
			runOnlyForDeploymentPostprocessing = 0;
		};
		B5EF3A2621FAE0F400B28908 /* Frameworks */ = {
			isa = PBXFrameworksBuildPhase;
			buildActionMask = 2147483647;
			files = (
				B5A766AD25692E2200D3776B /* libfloo.a in Frameworks */,
			);
			runOnlyForDeploymentPostprocessing = 0;
		};
		B5EF3A3D21FAE0F600B28908 /* Frameworks */ = {
			isa = PBXFrameworksBuildPhase;
			buildActionMask = 2147483647;
			files = (
			);
			runOnlyForDeploymentPostprocessing = 0;
		};
		B5EF3A4821FAE0F600B28908 /* Frameworks */ = {
			isa = PBXFrameworksBuildPhase;
			buildActionMask = 2147483647;
			files = (
			);
			runOnlyForDeploymentPostprocessing = 0;
		};
/* End PBXFrameworksBuildPhase section */

/* Begin PBXGroup section */
		4814956E21BEA9740094C367 /* Frameworks */ = {
			isa = PBXGroup;
			children = (
				4814956F21BEA9750094C367 /* MaxIM.xcworkspace */,
			);
			name = Frameworks;
			sourceTree = "<group>";
		};
		4834D42B21B535250009EEF3 /* src */ = {
			isa = PBXGroup;
			children = (
				AF670F4B2993FB0700DE68A8 /* floo_proxy.h */,
				AF670F532993FB0700DE68A8 /* floo_proxy.mm */,
				AF670F522993FB0700DE68A8 /* floo_wrap.h */,
				AF670F542993FB0700DE68A8 /* floo_wrap.mm */,
				AF670F552993FB0700DE68A8 /* structs4swig.h */,
				4834D43D21B535250009EEF3 /* Util */,
			);
			path = src;
			sourceTree = "<group>";
		};
		4834D43D21B535250009EEF3 /* Util */ = {
			isa = PBXGroup;
			children = (
				B51454F32407B31B007BB0EA /* Private */,
			);
			path = Util;
			sourceTree = "<group>";
		};
		48AFC4CF21B3A2A500F4CDEB = {
			isa = PBXGroup;
			children = (
				B5A7666A25692E2100D3776B /* include */,
				B5A7668B25692E2200D3776B /* libfloo.a */,
				4834D42B21B535250009EEF3 /* src */,
				48AFC59121B3A95200F4CDEB /* config */,
				B5EF3A2A21FAE0F400B28908 /* floo-ios */,
				B5EF3A4321FAE0F600B28908 /* floo-iosTests */,
				B5EF3A4E21FAE0F600B28908 /* floo-iosUITests */,
				48AFC4DA21B3A2A500F4CDEB /* Products */,
				4814956E21BEA9740094C367 /* Frameworks */,
			);
			sourceTree = "<group>";
		};
		48AFC4DA21B3A2A500F4CDEB /* Products */ = {
			isa = PBXGroup;
			children = (
				48AFC4D921B3A2A500F4CDEB /* floo-ios.framework */,
				48AFC4E221B3A2A500F4CDEB /* flooTests.xctest */,
				B5EF3A2921FAE0F400B28908 /* floo-ios.app */,
				B5EF3A4021FAE0F600B28908 /* floo-iosTests.xctest */,
				B5EF3A4B21FAE0F600B28908 /* floo-iosUITests.xctest */,
			);
			name = Products;
			sourceTree = "<group>";
		};
		48AFC59121B3A95200F4CDEB /* config */ = {
			isa = PBXGroup;
			children = (
				48AFC59221B3A95200F4CDEB /* floo.h */,
				48AFC59321B3A95200F4CDEB /* Info.plist */,
			);
			path = config;
			sourceTree = "<group>";
		};
		B51454F32407B31B007BB0EA /* Private */ = {
			isa = PBXGroup;
			children = (
				B51454F52407B31B007BB0EA /* BMXDelegatesContainer.m */,
				B51454FF2407B31B007BB0EA /* BMXDelegatesContainer.h */,
			);
			path = Private;
			sourceTree = "<group>";
		};
		B5A7666A25692E2100D3776B /* include */ = {
			isa = PBXGroup;
			children = (
				AF4B56282996C78F00248DE9 /* bmx_rtc_config.h */,
				AF4B561E2996C78F00248DE9 /* bmx_rtc_defines.h */,
				AF4B562A2996C78F00248DE9 /* bmx_rtc_engine_listener.h */,
				AF4B56262996C78F00248DE9 /* bmx_rtc_engine.h */,
				AF4B56272996C78F00248DE9 /* bmx_rtc_room.h */,
				AF4B56292996C78F00248DE9 /* bmx_rtc_service_listener.h */,
				AF4B562C2996C79000248DE9 /* bmx_rtc_service.h */,
				AF4B562B2996C79000248DE9 /* bmx_rtc_session.h */,
				AF4B562D2996C79000248DE9 /* bmx_rtc_signal_service_listener.h */,
				AF4B56252996C78F00248DE9 /* bmx_rtc_signal_service.h */,
				B5A7666B25692E2100D3776B /* bmx_roster_service_listener.h */,
				B5A7666C25692E2100D3776B /* bmx_image_attachment.h */,
				B5A7666D25692E2100D3776B /* bmx_user_service_listener.h */,
				B5A7666E25692E2100D3776B /* bmx_error.h */,
				B5A7666F25692E2100D3776B /* bmx_push_service_listener.h */,
				B5A7667025692E2100D3776B /* bmx_message_config.h */,
				B5A7667125692E2100D3776B /* bmx_chat_service.h */,
				B5A7667225692E2100D3776B /* bmx_result_page.h */,
				B5A7667325692E2100D3776B /* bmx_roster_item.h */,
				B5A7667425692E2100D3776B /* bmx_roster_service.h */,
				B5A7667525692E2100D3776B /* bmx_location_attachment.h */,
				B5A7667625692E2100D3776B /* bmx_video_attachment.h */,
				B5A7667725692E2100D3776B /* bmx_message_attachment.h */,
				B5A7667825692E2100D3776B /* bmx_push_user_profile.h */,
				B5A7667925692E2100D3776B /* bmx_forward_attachment.h */,
				B5A7667A25692E2100D3776B /* bmx_base_object.h */,
				B5A7667B25692E2100D3776B /* bmx_sdk_config.h */,
				B5A7667C25692E2100D3776B /* bmx_client.h */,
				B5A7667D25692E2100D3776B /* bmx_group_service_listener.h */,
				B5A7667E25692E2100D3776B /* bmx_file_attachment.h */,
				B5A7667F25692E2100D3776B /* bmx_user_service.h */,
				B5A7668025692E2100D3776B /* bmx_chat_service_listener.h */,
				B5A7668125692E2100D3776B /* bmx_device.h */,
				B5A7668225692E2100D3776B /* bmx_push_service.h */,
				B5A7668325692E2100D3776B /* bmx_group.h */,
				B5A7668425692E2100D3776B /* bmx_user_profile.h */,
				B5A7668525692E2100D3776B /* bmx_defines.h */,
				B5A7668625692E2100D3776B /* bmx_voice_attachment.h */,
				B5A7668725692E2100D3776B /* bmx_message.h */,
				B5A7668825692E2100D3776B /* bmx_group_service.h */,
				B5A7668925692E2100D3776B /* bmx_network_listener.h */,
				B5A7668A25692E2100D3776B /* bmx_conversation.h */,
			);
			path = include;
			sourceTree = "<group>";
		};
		B5EF3A2A21FAE0F400B28908 /* floo-ios */ = {
			isa = PBXGroup;
			children = (
				B5EF3A2B21FAE0F400B28908 /* AppDelegate.h */,
				B5EF3A2C21FAE0F500B28908 /* AppDelegate.m */,
				B5EF3A2E21FAE0F500B28908 /* ViewController.h */,
				B5EF3A2F21FAE0F500B28908 /* ViewController.m */,
				B5EF3A3121FAE0F500B28908 /* Main.storyboard */,
				B5EF3A3421FAE0F600B28908 /* Assets.xcassets */,
				B5EF3A3621FAE0F600B28908 /* LaunchScreen.storyboard */,
				B5EF3A3921FAE0F600B28908 /* Info.plist */,
				B5EF3A3A21FAE0F600B28908 /* main.m */,
			);
			path = "floo-ios";
			sourceTree = "<group>";
		};
		B5EF3A4321FAE0F600B28908 /* floo-iosTests */ = {
			isa = PBXGroup;
			children = (
				B5EF3A4421FAE0F600B28908 /* floo_iosTests.m */,
				B5EF3A4621FAE0F600B28908 /* Info.plist */,
			);
			path = "floo-iosTests";
			sourceTree = "<group>";
		};
		B5EF3A4E21FAE0F600B28908 /* floo-iosUITests */ = {
			isa = PBXGroup;
			children = (
				B5EF3A4F21FAE0F600B28908 /* floo_iosUITests.m */,
				B5EF3A5121FAE0F600B28908 /* Info.plist */,
			);
			path = "floo-iosUITests";
			sourceTree = "<group>";
		};
/* End PBXGroup section */

/* Begin PBXHeadersBuildPhase section */
		48AFC4D421B3A2A500F4CDEB /* Headers */ = {
			isa = PBXHeadersBuildPhase;
			buildActionMask = 2147483647;
			files = (
				AF670F562993FB0700DE68A8 /* floo_proxy.h in Headers */,
			);
			runOnlyForDeploymentPostprocessing = 0;
		};
/* End PBXHeadersBuildPhase section */

/* Begin PBXNativeTarget section */
		48AFC4D821B3A2A500F4CDEB /* floo */ = {
			isa = PBXNativeTarget;
			buildConfigurationList = 48AFC4ED21B3A2A500F4CDEB /* Build configuration list for PBXNativeTarget "floo" */;
			buildPhases = (
				48AFC4D421B3A2A500F4CDEB /* Headers */,
				48AFC4D521B3A2A500F4CDEB /* Sources */,
				48AFC4D621B3A2A500F4CDEB /* Frameworks */,
				48AFC4D721B3A2A500F4CDEB /* Resources */,
			);
			buildRules = (
			);
			dependencies = (
			);
			name = floo;
			productName = floo;
			productReference = 48AFC4D921B3A2A500F4CDEB /* floo-ios.framework */;
			productType = "com.apple.product-type.framework";
		};
		48AFC4E121B3A2A500F4CDEB /* flooTests */ = {
			isa = PBXNativeTarget;
			buildConfigurationList = 48AFC4F021B3A2A500F4CDEB /* Build configuration list for PBXNativeTarget "flooTests" */;
			buildPhases = (
				48AFC4DE21B3A2A500F4CDEB /* Sources */,
				48AFC4DF21B3A2A500F4CDEB /* Frameworks */,
				48AFC4E021B3A2A500F4CDEB /* Resources */,
			);
			buildRules = (
			);
			dependencies = (
				48AFC4E521B3A2A500F4CDEB /* PBXTargetDependency */,
			);
			name = flooTests;
			productName = flooTests;
			productReference = 48AFC4E221B3A2A500F4CDEB /* flooTests.xctest */;
			productType = "com.apple.product-type.bundle.unit-test";
		};
		B5EF3A2821FAE0F400B28908 /* floo-ios */ = {
			isa = PBXNativeTarget;
			buildConfigurationList = B5EF3A5221FAE0F600B28908 /* Build configuration list for PBXNativeTarget "floo-ios" */;
			buildPhases = (
				B5EF3A2521FAE0F400B28908 /* Sources */,
				B5EF3A2621FAE0F400B28908 /* Frameworks */,
				B5EF3A2721FAE0F400B28908 /* Resources */,
			);
			buildRules = (
			);
			dependencies = (
			);
			name = "floo-ios";
			productName = "floo-ios";
			productReference = B5EF3A2921FAE0F400B28908 /* floo-ios.app */;
			productType = "com.apple.product-type.application";
		};
		B5EF3A3F21FAE0F600B28908 /* floo-iosTests */ = {
			isa = PBXNativeTarget;
			buildConfigurationList = B5EF3A5521FAE0F600B28908 /* Build configuration list for PBXNativeTarget "floo-iosTests" */;
			buildPhases = (
				B5EF3A3C21FAE0F600B28908 /* Sources */,
				B5EF3A3D21FAE0F600B28908 /* Frameworks */,
				B5EF3A3E21FAE0F600B28908 /* Resources */,
			);
			buildRules = (
			);
			dependencies = (
				B5EF3A4221FAE0F600B28908 /* PBXTargetDependency */,
			);
			name = "floo-iosTests";
			productName = "floo-iosTests";
			productReference = B5EF3A4021FAE0F600B28908 /* floo-iosTests.xctest */;
			productType = "com.apple.product-type.bundle.unit-test";
		};
		B5EF3A4A21FAE0F600B28908 /* floo-iosUITests */ = {
			isa = PBXNativeTarget;
			buildConfigurationList = B5EF3A5821FAE0F600B28908 /* Build configuration list for PBXNativeTarget "floo-iosUITests" */;
			buildPhases = (
				B5EF3A4721FAE0F600B28908 /* Sources */,
				B5EF3A4821FAE0F600B28908 /* Frameworks */,
				B5EF3A4921FAE0F600B28908 /* Resources */,
			);
			buildRules = (
			);
			dependencies = (
				B5EF3A4D21FAE0F600B28908 /* PBXTargetDependency */,
			);
			name = "floo-iosUITests";
			productName = "floo-iosUITests";
			productReference = B5EF3A4B21FAE0F600B28908 /* floo-iosUITests.xctest */;
			productType = "com.apple.product-type.bundle.ui-testing";
		};
/* End PBXNativeTarget section */

/* Begin PBXProject section */
		48AFC4D021B3A2A500F4CDEB /* Project object */ = {
			isa = PBXProject;
			attributes = {
				DefaultBuildSystemTypeForWorkspace = Original;
				LastUpgradeCheck = 1000;
				ORGANIZATIONNAME = hyt;
				TargetAttributes = {
					48AFC4D821B3A2A500F4CDEB = {
						CreatedOnToolsVersion = 10.0;
					};
					48AFC4E121B3A2A500F4CDEB = {
						CreatedOnToolsVersion = 10.0;
					};
					B51455262407B8A0007BB0EA = {
						CreatedOnToolsVersion = 10.3;
					};
					B55BC4EA2371B2C70016975C = {
						CreatedOnToolsVersion = 10.3;
					};
					B58485BE2212EB700001329E = {
						CreatedOnToolsVersion = 10.1;
					};
					B5EF3A2821FAE0F400B28908 = {
						CreatedOnToolsVersion = 10.1;
					};
					B5EF3A3F21FAE0F600B28908 = {
						CreatedOnToolsVersion = 10.1;
						TestTargetID = B5EF3A2821FAE0F400B28908;
					};
					B5EF3A4A21FAE0F600B28908 = {
						CreatedOnToolsVersion = 10.1;
						TestTargetID = B5EF3A2821FAE0F400B28908;
					};
				};
			};
			buildConfigurationList = 48AFC4D321B3A2A500F4CDEB /* Build configuration list for PBXProject "floo" */;
			compatibilityVersion = "Xcode 9.3";
			developmentRegion = en;
			hasScannedForEncodings = 0;
			knownRegions = (
				en,
				Base,
			);
			mainGroup = 48AFC4CF21B3A2A500F4CDEB;
			productRefGroup = 48AFC4DA21B3A2A500F4CDEB /* Products */;
			projectDirPath = "";
			projectRoot = "";
			targets = (
				48AFC4D821B3A2A500F4CDEB /* floo */,
				48AFC4E121B3A2A500F4CDEB /* flooTests */,
				B5EF3A2821FAE0F400B28908 /* floo-ios */,
				B5EF3A3F21FAE0F600B28908 /* floo-iosTests */,
				B5EF3A4A21FAE0F600B28908 /* floo-iosUITests */,
				B58485BE2212EB700001329E /* a */,
				B55BC4EA2371B2C70016975C /* floo-ios_doc */,
				B51455262407B8A0007BB0EA /* OCLint */,
			);
		};
/* End PBXProject section */

/* Begin PBXResourcesBuildPhase section */
		48AFC4D721B3A2A500F4CDEB /* Resources */ = {
			isa = PBXResourcesBuildPhase;
			buildActionMask = 2147483647;
			files = (
			);
			runOnlyForDeploymentPostprocessing = 0;
		};
		48AFC4E021B3A2A500F4CDEB /* Resources */ = {
			isa = PBXResourcesBuildPhase;
			buildActionMask = 2147483647;
			files = (
			);
			runOnlyForDeploymentPostprocessing = 0;
		};
		B5EF3A2721FAE0F400B28908 /* Resources */ = {
			isa = PBXResourcesBuildPhase;
			buildActionMask = 2147483647;
			files = (
				B5EF3A3821FAE0F600B28908 /* LaunchScreen.storyboard in Resources */,
				B5EF3A3521FAE0F600B28908 /* Assets.xcassets in Resources */,
				B5EF3A3321FAE0F500B28908 /* Main.storyboard in Resources */,
			);
			runOnlyForDeploymentPostprocessing = 0;
		};
		B5EF3A3E21FAE0F600B28908 /* Resources */ = {
			isa = PBXResourcesBuildPhase;
			buildActionMask = 2147483647;
			files = (
			);
			runOnlyForDeploymentPostprocessing = 0;
		};
		B5EF3A4921FAE0F600B28908 /* Resources */ = {
			isa = PBXResourcesBuildPhase;
			buildActionMask = 2147483647;
			files = (
			);
			runOnlyForDeploymentPostprocessing = 0;
		};
/* End PBXResourcesBuildPhase section */

/* Begin PBXShellScriptBuildPhase section */
		B514552A2407B8B6007BB0EA /* ShellScript */ = {
			isa = PBXShellScriptBuildPhase;
			buildActionMask = 2147483647;
			files = (
			);
			inputFileListPaths = (
			);
			inputPaths = (
			);
			outputFileListPaths = (
			);
			outputPaths = (
			);
			runOnlyForDeploymentPostprocessing = 0;
			shellPath = /bin/sh;
			shellScript = "# Typsource ~/.bash_profile\ncd ${SRCROOT}\nxcodebuild clean\nxcodebuild | tee xcodebuild.log | xcpretty -r json-compilation-database -o compile_commands.json\noclint-json-compilation-database oclint_args -- -report-type xcodee a script or drag a script file from your workspace to insert its path.\n";
		};
		B55BC4EE2371B2CD0016975C /* ShellScript */ = {
			isa = PBXShellScriptBuildPhase;
			buildActionMask = 2147483647;
			files = (
			);
			inputFileListPaths = (
			);
			inputPaths = (
			);
			outputFileListPaths = (
			);
			outputPaths = (
			);
			runOnlyForDeploymentPostprocessing = 0;
			shellPath = /bin/sh;
			shellScript = "\n#appledoc Xcode script  \n\n# Start constants  \n\ncompany=\"美信拓扑\";  \n\ncompanyID=\"top.maxim.MaxIM\";\n\ncompanyURL=\"https://www.maximtop.com/\";\n\ntarget=\"iphoneos\";\n\noutputPath=\"~/help\";\n\n# End constants\n/usr/local/bin/appledoc \\\n--project-name \"${PROJECT_NAME}\" \\\n--project-company \"${company}\" \\\n--company-id \"${companyID}\" \\\n--docset-atom-filename \"${company}.atom\" \\\n--docset-feed-url \"${companyURL}/${company}/%DOCSETATOMFILENAME\" \\\n--docset-package-url \"${companyURL}/${company}/%DOCSETPACKAGEFILENAME\" \\\n--docset-fallback-url \"${companyURL}/${company}\" \\\n--output \"${outputPath}\" \\\n--publish-docset \\\n--docset-platform-family \"${target}\" \\\n--logformat xcode \\\n--keep-intermediate-files \\\n--no-repeat-first-par \\\n--no-warn-invalid-crossref \\\n--exit-threshold 2 \\\n\"${PROJECT_DIR}\"\n";
		};
		B58485C22212EB820001329E /* ShellScript */ = {
			isa = PBXShellScriptBuildPhase;
			buildActionMask = 8;
			files = (
			);
			inputFileListPaths = (
			);
			inputPaths = (
			);
			outputFileListPaths = (
			);
			outputPaths = (
			);
			runOnlyForDeploymentPostprocessing = 1;
			shellPath = /bin/sh;
			shellScript = "# shell script goes here\nmkdir -p headerDoc\nfind ./src -name \\*.h -print | xargs headerdoc2html -o headerDoc\ngatherheaderdoc headerDocexit 0\n\n";
		};
/* End PBXShellScriptBuildPhase section */

/* Begin PBXSourcesBuildPhase section */
		48AFC4D521B3A2A500F4CDEB /* Sources */ = {
			isa = PBXSourcesBuildPhase;
			buildActionMask = 2147483647;
			files = (
				AF670F592993FB0700DE68A8 /* floo_wrap.mm in Sources */,
				AF670F582993FB0700DE68A8 /* floo_proxy.mm in Sources */,
				B51455062407B31B007BB0EA /* BMXDelegatesContainer.m in Sources */,
			);
			runOnlyForDeploymentPostprocessing = 0;
		};
		48AFC4DE21B3A2A500F4CDEB /* Sources */ = {
			isa = PBXSourcesBuildPhase;
			buildActionMask = 2147483647;
			files = (
			);
			runOnlyForDeploymentPostprocessing = 0;
		};
		B5EF3A2521FAE0F400B28908 /* Sources */ = {
			isa = PBXSourcesBuildPhase;
			buildActionMask = 2147483647;
			files = (
				B5EF3A3021FAE0F500B28908 /* ViewController.m in Sources */,
				B5EF3A3B21FAE0F600B28908 /* main.m in Sources */,
				B5EF3A2D21FAE0F500B28908 /* AppDelegate.m in Sources */,
			);
			runOnlyForDeploymentPostprocessing = 0;
		};
		B5EF3A3C21FAE0F600B28908 /* Sources */ = {
			isa = PBXSourcesBuildPhase;
			buildActionMask = 2147483647;
			files = (
				B5EF3A4521FAE0F600B28908 /* floo_iosTests.m in Sources */,
			);
			runOnlyForDeploymentPostprocessing = 0;
		};
		B5EF3A4721FAE0F600B28908 /* Sources */ = {
			isa = PBXSourcesBuildPhase;
			buildActionMask = 2147483647;
			files = (
				B5EF3A5021FAE0F600B28908 /* floo_iosUITests.m in Sources */,
			);
			runOnlyForDeploymentPostprocessing = 0;
		};
/* End PBXSourcesBuildPhase section */

/* Begin PBXTargetDependency section */
		48AFC4E521B3A2A500F4CDEB /* PBXTargetDependency */ = {
			isa = PBXTargetDependency;
			target = 48AFC4D821B3A2A500F4CDEB /* floo */;
			targetProxy = 48AFC4E421B3A2A500F4CDEB /* PBXContainerItemProxy */;
		};
		B5EF3A4221FAE0F600B28908 /* PBXTargetDependency */ = {
			isa = PBXTargetDependency;
			target = B5EF3A2821FAE0F400B28908 /* floo-ios */;
			targetProxy = B5EF3A4121FAE0F600B28908 /* PBXContainerItemProxy */;
		};
		B5EF3A4D21FAE0F600B28908 /* PBXTargetDependency */ = {
			isa = PBXTargetDependency;
			target = B5EF3A2821FAE0F400B28908 /* floo-ios */;
			targetProxy = B5EF3A4C21FAE0F600B28908 /* PBXContainerItemProxy */;
		};
/* End PBXTargetDependency section */

/* Begin PBXVariantGroup section */
		B5EF3A3121FAE0F500B28908 /* Main.storyboard */ = {
			isa = PBXVariantGroup;
			children = (
				B5EF3A3221FAE0F500B28908 /* Base */,
			);
			name = Main.storyboard;
			sourceTree = "<group>";
		};
		B5EF3A3621FAE0F600B28908 /* LaunchScreen.storyboard */ = {
			isa = PBXVariantGroup;
			children = (
				B5EF3A3721FAE0F600B28908 /* Base */,
			);
			name = LaunchScreen.storyboard;
			sourceTree = "<group>";
		};
/* End PBXVariantGroup section */

/* Begin XCBuildConfiguration section */
		48AFC4EB21B3A2A500F4CDEB /* Debug */ = {
			isa = XCBuildConfiguration;
			buildSettings = {
				ALWAYS_SEARCH_USER_PATHS = NO;
				CLANG_ANALYZER_NONNULL = YES;
				CLANG_ANALYZER_NUMBER_OBJECT_CONVERSION = YES_AGGRESSIVE;
				CLANG_CXX_LANGUAGE_STANDARD = "gnu++14";
				CLANG_CXX_LIBRARY = "libc++";
				CLANG_ENABLE_MODULES = YES;
				CLANG_ENABLE_OBJC_ARC = YES;
				CLANG_ENABLE_OBJC_WEAK = YES;
				CLANG_WARN_BLOCK_CAPTURE_AUTORELEASING = YES;
				CLANG_WARN_BOOL_CONVERSION = YES;
				CLANG_WARN_COMMA = YES;
				CLANG_WARN_CONSTANT_CONVERSION = YES;
				CLANG_WARN_DEPRECATED_OBJC_IMPLEMENTATIONS = YES;
				CLANG_WARN_DIRECT_OBJC_ISA_USAGE = YES_ERROR;
				CLANG_WARN_DOCUMENTATION_COMMENTS = YES;
				CLANG_WARN_EMPTY_BODY = YES;
				CLANG_WARN_ENUM_CONVERSION = YES;
				CLANG_WARN_INFINITE_RECURSION = YES;
				CLANG_WARN_INT_CONVERSION = YES;
				CLANG_WARN_NON_LITERAL_NULL_CONVERSION = YES;
				CLANG_WARN_OBJC_IMPLICIT_RETAIN_SELF = YES;
				CLANG_WARN_OBJC_LITERAL_CONVERSION = YES;
				CLANG_WARN_OBJC_ROOT_CLASS = YES_ERROR;
				CLANG_WARN_RANGE_LOOP_ANALYSIS = YES;
				CLANG_WARN_STRICT_PROTOTYPES = YES;
				CLANG_WARN_SUSPICIOUS_MOVE = YES;
				CLANG_WARN_UNGUARDED_AVAILABILITY = YES_AGGRESSIVE;
				CLANG_WARN_UNREACHABLE_CODE = YES;
				CLANG_WARN__DUPLICATE_METHOD_MATCH = YES;
				CODE_SIGN_IDENTITY = "iPhone Developer";
				COPY_PHASE_STRIP = NO;
				CURRENT_PROJECT_VERSION = 1;
				DEBUG_INFORMATION_FORMAT = dwarf;
				ENABLE_STRICT_OBJC_MSGSEND = YES;
				ENABLE_TESTABILITY = YES;
				GCC_C_LANGUAGE_STANDARD = gnu11;
				GCC_DYNAMIC_NO_PIC = NO;
				GCC_NO_COMMON_BLOCKS = YES;
				GCC_OPTIMIZATION_LEVEL = 0;
				GCC_PREPROCESSOR_DEFINITIONS = (
					"DEBUG=1",
					"$(inherited)",
				);
				GCC_WARN_64_TO_32_BIT_CONVERSION = YES;
				GCC_WARN_ABOUT_RETURN_TYPE = YES_ERROR;
				GCC_WARN_UNDECLARED_SELECTOR = YES;
				GCC_WARN_UNINITIALIZED_AUTOS = YES_AGGRESSIVE;
				GCC_WARN_UNUSED_FUNCTION = YES;
				GCC_WARN_UNUSED_VARIABLE = YES;
				IPHONEOS_DEPLOYMENT_TARGET = 9.0;
				MTL_ENABLE_DEBUG_INFO = INCLUDE_SOURCE;
				MTL_FAST_MATH = YES;
				ONLY_ACTIVE_ARCH = YES;
				SDKROOT = iphoneos;
				VERSIONING_SYSTEM = "apple-generic";
				VERSION_INFO_PREFIX = "";
			};
			name = Debug;
		};
		48AFC4EC21B3A2A500F4CDEB /* Release */ = {
			isa = XCBuildConfiguration;
			buildSettings = {
				ALWAYS_SEARCH_USER_PATHS = NO;
				CLANG_ANALYZER_NONNULL = YES;
				CLANG_ANALYZER_NUMBER_OBJECT_CONVERSION = YES_AGGRESSIVE;
				CLANG_CXX_LANGUAGE_STANDARD = "gnu++14";
				CLANG_CXX_LIBRARY = "libc++";
				CLANG_ENABLE_MODULES = YES;
				CLANG_ENABLE_OBJC_ARC = YES;
				CLANG_ENABLE_OBJC_WEAK = YES;
				CLANG_WARN_BLOCK_CAPTURE_AUTORELEASING = YES;
				CLANG_WARN_BOOL_CONVERSION = YES;
				CLANG_WARN_COMMA = YES;
				CLANG_WARN_CONSTANT_CONVERSION = YES;
				CLANG_WARN_DEPRECATED_OBJC_IMPLEMENTATIONS = YES;
				CLANG_WARN_DIRECT_OBJC_ISA_USAGE = YES_ERROR;
				CLANG_WARN_DOCUMENTATION_COMMENTS = YES;
				CLANG_WARN_EMPTY_BODY = YES;
				CLANG_WARN_ENUM_CONVERSION = YES;
				CLANG_WARN_INFINITE_RECURSION = YES;
				CLANG_WARN_INT_CONVERSION = YES;
				CLANG_WARN_NON_LITERAL_NULL_CONVERSION = YES;
				CLANG_WARN_OBJC_IMPLICIT_RETAIN_SELF = YES;
				CLANG_WARN_OBJC_LITERAL_CONVERSION = YES;
				CLANG_WARN_OBJC_ROOT_CLASS = YES_ERROR;
				CLANG_WARN_RANGE_LOOP_ANALYSIS = YES;
				CLANG_WARN_STRICT_PROTOTYPES = YES;
				CLANG_WARN_SUSPICIOUS_MOVE = YES;
				CLANG_WARN_UNGUARDED_AVAILABILITY = YES_AGGRESSIVE;
				CLANG_WARN_UNREACHABLE_CODE = YES;
				CLANG_WARN__DUPLICATE_METHOD_MATCH = YES;
				CODE_SIGN_IDENTITY = "iPhone Developer";
				COPY_PHASE_STRIP = NO;
				CURRENT_PROJECT_VERSION = 1;
				DEBUG_INFORMATION_FORMAT = "dwarf-with-dsym";
				ENABLE_NS_ASSERTIONS = NO;
				ENABLE_STRICT_OBJC_MSGSEND = YES;
				GCC_C_LANGUAGE_STANDARD = gnu11;
				GCC_NO_COMMON_BLOCKS = YES;
				GCC_WARN_64_TO_32_BIT_CONVERSION = YES;
				GCC_WARN_ABOUT_RETURN_TYPE = YES_ERROR;
				GCC_WARN_UNDECLARED_SELECTOR = YES;
				GCC_WARN_UNINITIALIZED_AUTOS = YES_AGGRESSIVE;
				GCC_WARN_UNUSED_FUNCTION = YES;
				GCC_WARN_UNUSED_VARIABLE = YES;
				IPHONEOS_DEPLOYMENT_TARGET = 9.0;
				MTL_ENABLE_DEBUG_INFO = NO;
				MTL_FAST_MATH = YES;
				SDKROOT = iphoneos;
				VALIDATE_PRODUCT = YES;
				VERSIONING_SYSTEM = "apple-generic";
				VERSION_INFO_PREFIX = "";
			};
			name = Release;
		};
		48AFC4EE21B3A2A500F4CDEB /* Debug */ = {
			isa = XCBuildConfiguration;
			buildSettings = {
				CODE_SIGN_IDENTITY = "";
				CODE_SIGN_STYLE = Automatic;
				DEFINES_MODULE = YES;
				DEVELOPMENT_TEAM = W99996QAJ5;
				DYLIB_COMPATIBILITY_VERSION = 1;
				DYLIB_CURRENT_VERSION = 1;
				DYLIB_INSTALL_NAME_BASE = "@rpath";
				FRAMEWORK_SEARCH_PATHS = (
					"$(inherited)",
					"$(PROJECT_DIR)",
				);
				GCC_GENERATE_DEBUGGING_SYMBOLS = NO;
				HEADER_SEARCH_PATHS = "$(inherited)";
				INFOPLIST_FILE = "$(SRCROOT)/config/Info.plist";
				INSTALL_PATH = "$(LOCAL_LIBRARY_DIR)/Frameworks";
				LD_RUNPATH_SEARCH_PATHS = (
					"$(inherited)",
					"@executable_path/Frameworks",
					"@loader_path/Frameworks",
				);
				LIBRARY_SEARCH_PATHS = (
					"$(inherited)",
					"$(PROJECT_DIR)",
					"$(PROJECT_DIR)/libfloo",
				);
				MACH_O_TYPE = staticlib;
				MARKETING_VERSION = 4.2.3;
				PRODUCT_BUNDLE_IDENTIFIER = top.maxim.floo;
				PRODUCT_NAME = "floo-ios";
				SKIP_INSTALL = YES;
				SUPPORTS_MACCATALYST = NO;
				TARGETED_DEVICE_FAMILY = "1,2";
			};
			name = Debug;
		};
		48AFC4EF21B3A2A500F4CDEB /* Release */ = {
			isa = XCBuildConfiguration;
			buildSettings = {
				CODE_SIGN_IDENTITY = "";
				CODE_SIGN_STYLE = Automatic;
				DEFINES_MODULE = YES;
				DEVELOPMENT_TEAM = W99996QAJ5;
				DYLIB_COMPATIBILITY_VERSION = 1;
				DYLIB_CURRENT_VERSION = 1;
				DYLIB_INSTALL_NAME_BASE = "@rpath";
				FRAMEWORK_SEARCH_PATHS = (
					"$(inherited)",
					"$(PROJECT_DIR)",
				);
				GCC_GENERATE_DEBUGGING_SYMBOLS = NO;
				HEADER_SEARCH_PATHS = "$(inherited)";
				INFOPLIST_FILE = "$(SRCROOT)/config/Info.plist";
				INSTALL_PATH = "$(LOCAL_LIBRARY_DIR)/Frameworks";
				LD_RUNPATH_SEARCH_PATHS = (
					"$(inherited)",
					"@executable_path/Frameworks",
					"@loader_path/Frameworks",
				);
				LIBRARY_SEARCH_PATHS = (
					"$(inherited)",
					"$(PROJECT_DIR)",
					"$(PROJECT_DIR)/libfloo",
				);
				MACH_O_TYPE = staticlib;
				MARKETING_VERSION = 4.2.3;
				PRODUCT_BUNDLE_IDENTIFIER = top.maxim.floo;
				PRODUCT_NAME = "floo-ios";
				SKIP_INSTALL = YES;
				SUPPORTS_MACCATALYST = NO;
				TARGETED_DEVICE_FAMILY = "1,2";
			};
			name = Release;
		};
		48AFC4F121B3A2A500F4CDEB /* Debug */ = {
			isa = XCBuildConfiguration;
			buildSettings = {
				CODE_SIGN_STYLE = Automatic;
				DEVELOPMENT_TEAM = W99996QAJ5;
				INFOPLIST_FILE = flooTests/Info.plist;
				LD_RUNPATH_SEARCH_PATHS = (
					"$(inherited)",
					"@executable_path/Frameworks",
					"@loader_path/Frameworks",
				);
				PRODUCT_BUNDLE_IDENTIFIER = top..flooTests;
				PRODUCT_NAME = "$(TARGET_NAME)";
				TARGETED_DEVICE_FAMILY = "1,2";
			};
			name = Debug;
		};
		48AFC4F221B3A2A500F4CDEB /* Release */ = {
			isa = XCBuildConfiguration;
			buildSettings = {
				CODE_SIGN_STYLE = Automatic;
				DEVELOPMENT_TEAM = W99996QAJ5;
				INFOPLIST_FILE = flooTests/Info.plist;
				LD_RUNPATH_SEARCH_PATHS = (
					"$(inherited)",
					"@executable_path/Frameworks",
					"@loader_path/Frameworks",
				);
				PRODUCT_BUNDLE_IDENTIFIER = top..flooTests;
				PRODUCT_NAME = "$(TARGET_NAME)";
				TARGETED_DEVICE_FAMILY = "1,2";
			};
			name = Release;
		};
		B51455282407B8A0007BB0EA /* Debug */ = {
			isa = XCBuildConfiguration;
			buildSettings = {
				CODE_SIGN_STYLE = Automatic;
				DEVELOPMENT_TEAM = W99996QAJ5;
				PRODUCT_NAME = "$(TARGET_NAME)";
			};
			name = Debug;
		};
		B51455292407B8A0007BB0EA /* Release */ = {
			isa = XCBuildConfiguration;
			buildSettings = {
				CODE_SIGN_STYLE = Automatic;
				DEVELOPMENT_TEAM = W99996QAJ5;
				PRODUCT_NAME = "$(TARGET_NAME)";
			};
			name = Release;
		};
		B55BC4EB2371B2C70016975C /* Debug */ = {
			isa = XCBuildConfiguration;
			buildSettings = {
				CODE_SIGN_STYLE = Automatic;
				DEVELOPMENT_TEAM = W99996QAJ5;
				PRODUCT_NAME = "$(TARGET_NAME)";
			};
			name = Debug;
		};
		B55BC4EC2371B2C70016975C /* Release */ = {
			isa = XCBuildConfiguration;
			buildSettings = {
				CODE_SIGN_STYLE = Automatic;
				DEVELOPMENT_TEAM = W99996QAJ5;
				PRODUCT_NAME = "$(TARGET_NAME)";
			};
			name = Release;
		};
		B58485BF2212EB700001329E /* Debug */ = {
			isa = XCBuildConfiguration;
			buildSettings = {
				CODE_SIGN_STYLE = Automatic;
				DEVELOPMENT_TEAM = W99996QAJ5;
				PRODUCT_NAME = "$(TARGET_NAME)";
			};
			name = Debug;
		};
		B58485C02212EB700001329E /* Release */ = {
			isa = XCBuildConfiguration;
			buildSettings = {
				CODE_SIGN_STYLE = Automatic;
				DEVELOPMENT_TEAM = W99996QAJ5;
				PRODUCT_NAME = "$(TARGET_NAME)";
			};
			name = Release;
		};
		B5EF3A5321FAE0F600B28908 /* Debug */ = {
			isa = XCBuildConfiguration;
			buildSettings = {
				ASSETCATALOG_COMPILER_APPICON_NAME = AppIcon;
				CODE_SIGN_STYLE = Automatic;
				DEVELOPMENT_TEAM = W99996QAJ5;
				INFOPLIST_FILE = "floo-ios/Info.plist";
				IPHONEOS_DEPLOYMENT_TARGET = 12.1;
				LD_RUNPATH_SEARCH_PATHS = (
					"$(inherited)",
					"@executable_path/Frameworks",
				);
				LIBRARY_SEARCH_PATHS = (
					"$(inherited)",
					"$(PROJECT_DIR)",
				);
				PRODUCT_BUNDLE_IDENTIFIER = "top.maxim.floo-ios";
				PRODUCT_NAME = "$(TARGET_NAME)";
				TARGETED_DEVICE_FAMILY = "1,2";
			};
			name = Debug;
		};
		B5EF3A5421FAE0F600B28908 /* Release */ = {
			isa = XCBuildConfiguration;
			buildSettings = {
				ASSETCATALOG_COMPILER_APPICON_NAME = AppIcon;
				CODE_SIGN_STYLE = Automatic;
				DEVELOPMENT_TEAM = W99996QAJ5;
				INFOPLIST_FILE = "floo-ios/Info.plist";
				IPHONEOS_DEPLOYMENT_TARGET = 12.1;
				LD_RUNPATH_SEARCH_PATHS = (
					"$(inherited)",
					"@executable_path/Frameworks",
				);
				LIBRARY_SEARCH_PATHS = (
					"$(inherited)",
					"$(PROJECT_DIR)",
				);
				PRODUCT_BUNDLE_IDENTIFIER = "top.maxim.floo-ios";
				PRODUCT_NAME = "$(TARGET_NAME)";
				TARGETED_DEVICE_FAMILY = "1,2";
			};
			name = Release;
		};
		B5EF3A5621FAE0F600B28908 /* Debug */ = {
			isa = XCBuildConfiguration;
			buildSettings = {
				BUNDLE_LOADER = "$(TEST_HOST)";
				CODE_SIGN_STYLE = Automatic;
				DEVELOPMENT_TEAM = W99996QAJ5;
				INFOPLIST_FILE = "floo-iosTests/Info.plist";
				IPHONEOS_DEPLOYMENT_TARGET = 12.1;
				LD_RUNPATH_SEARCH_PATHS = (
					"$(inherited)",
					"@executable_path/Frameworks",
					"@loader_path/Frameworks",
				);
				PRODUCT_BUNDLE_IDENTIFIER = "top.maxim.floo-iosTests";
				PRODUCT_NAME = "$(TARGET_NAME)";
				TARGETED_DEVICE_FAMILY = "1,2";
				TEST_HOST = "$(BUILT_PRODUCTS_DIR)/floo-ios.app/floo-ios";
			};
			name = Debug;
		};
		B5EF3A5721FAE0F600B28908 /* Release */ = {
			isa = XCBuildConfiguration;
			buildSettings = {
				BUNDLE_LOADER = "$(TEST_HOST)";
				CODE_SIGN_STYLE = Automatic;
				DEVELOPMENT_TEAM = W99996QAJ5;
				INFOPLIST_FILE = "floo-iosTests/Info.plist";
				IPHONEOS_DEPLOYMENT_TARGET = 12.1;
				LD_RUNPATH_SEARCH_PATHS = (
					"$(inherited)",
					"@executable_path/Frameworks",
					"@loader_path/Frameworks",
				);
				PRODUCT_BUNDLE_IDENTIFIER = "top.maxim.floo-iosTests";
				PRODUCT_NAME = "$(TARGET_NAME)";
				TARGETED_DEVICE_FAMILY = "1,2";
				TEST_HOST = "$(BUILT_PRODUCTS_DIR)/floo-ios.app/floo-ios";
			};
			name = Release;
		};
		B5EF3A5921FAE0F600B28908 /* Debug */ = {
			isa = XCBuildConfiguration;
			buildSettings = {
				CODE_SIGN_STYLE = Automatic;
				DEVELOPMENT_TEAM = W99996QAJ5;
				INFOPLIST_FILE = "floo-iosUITests/Info.plist";
				IPHONEOS_DEPLOYMENT_TARGET = 12.1;
				LD_RUNPATH_SEARCH_PATHS = (
					"$(inherited)",
					"@executable_path/Frameworks",
					"@loader_path/Frameworks",
				);
				PRODUCT_BUNDLE_IDENTIFIER = "top.maxim.floo-iosUITests";
				PRODUCT_NAME = "$(TARGET_NAME)";
				TARGETED_DEVICE_FAMILY = "1,2";
				TEST_TARGET_NAME = "floo-ios";
			};
			name = Debug;
		};
		B5EF3A5A21FAE0F600B28908 /* Release */ = {
			isa = XCBuildConfiguration;
			buildSettings = {
				CODE_SIGN_STYLE = Automatic;
				DEVELOPMENT_TEAM = W99996QAJ5;
				INFOPLIST_FILE = "floo-iosUITests/Info.plist";
				IPHONEOS_DEPLOYMENT_TARGET = 12.1;
				LD_RUNPATH_SEARCH_PATHS = (
					"$(inherited)",
					"@executable_path/Frameworks",
					"@loader_path/Frameworks",
				);
				PRODUCT_BUNDLE_IDENTIFIER = "top.maxim.floo-iosUITests";
				PRODUCT_NAME = "$(TARGET_NAME)";
				TARGETED_DEVICE_FAMILY = "1,2";
				TEST_TARGET_NAME = "floo-ios";
			};
			name = Release;
		};
/* End XCBuildConfiguration section */

/* Begin XCConfigurationList section */
		48AFC4D321B3A2A500F4CDEB /* Build configuration list for PBXProject "floo" */ = {
			isa = XCConfigurationList;
			buildConfigurations = (
				48AFC4EB21B3A2A500F4CDEB /* Debug */,
				48AFC4EC21B3A2A500F4CDEB /* Release */,
			);
			defaultConfigurationIsVisible = 0;
			defaultConfigurationName = Release;
		};
		48AFC4ED21B3A2A500F4CDEB /* Build configuration list for PBXNativeTarget "floo" */ = {
			isa = XCConfigurationList;
			buildConfigurations = (
				48AFC4EE21B3A2A500F4CDEB /* Debug */,
				48AFC4EF21B3A2A500F4CDEB /* Release */,
			);
			defaultConfigurationIsVisible = 0;
			defaultConfigurationName = Release;
		};
		48AFC4F021B3A2A500F4CDEB /* Build configuration list for PBXNativeTarget "flooTests" */ = {
			isa = XCConfigurationList;
			buildConfigurations = (
				48AFC4F121B3A2A500F4CDEB /* Debug */,
				48AFC4F221B3A2A500F4CDEB /* Release */,
			);
			defaultConfigurationIsVisible = 0;
			defaultConfigurationName = Release;
		};
		B51455272407B8A0007BB0EA /* Build configuration list for PBXAggregateTarget "OCLint" */ = {
			isa = XCConfigurationList;
			buildConfigurations = (
				B51455282407B8A0007BB0EA /* Debug */,
				B51455292407B8A0007BB0EA /* Release */,
			);
			defaultConfigurationIsVisible = 0;
			defaultConfigurationName = Release;
		};
		B55BC4ED2371B2C70016975C /* Build configuration list for PBXAggregateTarget "floo-ios_doc" */ = {
			isa = XCConfigurationList;
			buildConfigurations = (
				B55BC4EB2371B2C70016975C /* Debug */,
				B55BC4EC2371B2C70016975C /* Release */,
			);
			defaultConfigurationIsVisible = 0;
			defaultConfigurationName = Release;
		};
		B58485C12212EB700001329E /* Build configuration list for PBXAggregateTarget "a" */ = {
			isa = XCConfigurationList;
			buildConfigurations = (
				B58485BF2212EB700001329E /* Debug */,
				B58485C02212EB700001329E /* Release */,
			);
			defaultConfigurationIsVisible = 0;
			defaultConfigurationName = Release;
		};
		B5EF3A5221FAE0F600B28908 /* Build configuration list for PBXNativeTarget "floo-ios" */ = {
			isa = XCConfigurationList;
			buildConfigurations = (
				B5EF3A5321FAE0F600B28908 /* Debug */,
				B5EF3A5421FAE0F600B28908 /* Release */,
			);
			defaultConfigurationIsVisible = 0;
			defaultConfigurationName = Release;
		};
		B5EF3A5521FAE0F600B28908 /* Build configuration list for PBXNativeTarget "floo-iosTests" */ = {
			isa = XCConfigurationList;
			buildConfigurations = (
				B5EF3A5621FAE0F600B28908 /* Debug */,
				B5EF3A5721FAE0F600B28908 /* Release */,
			);
			defaultConfigurationIsVisible = 0;
			defaultConfigurationName = Release;
		};
		B5EF3A5821FAE0F600B28908 /* Build configuration list for PBXNativeTarget "floo-iosUITests" */ = {
			isa = XCConfigurationList;
			buildConfigurations = (
				B5EF3A5921FAE0F600B28908 /* Debug */,
				B5EF3A5A21FAE0F600B28908 /* Release */,
			);
			defaultConfigurationIsVisible = 0;
			defaultConfigurationName = Release;
		};
/* End XCConfigurationList section */
	};
	rootObject = 48AFC4D021B3A2A500F4CDEB /* Project object */;
}
